
Microsoft Visual Studio Solution File, Format Version 12.00
# Visual Studio Version 16
VisualStudioVersion = 16.0.30611.23
MinimumVisualStudioVersion = 10.0.40219.1
Project("{9A19103F-16F7-4668-BE54-9A1E7A4F7556}") = "AdventOfCode", "AdventOfCode\AdventOfCode.csproj", "{62FF448C-9341-4144-BA00-473FA4861C33}"
EndProject
Project("{2150E333-8FDC-42A3-9474-1A3956D46DE8}") = "Solution Items", "Solution Items", "{CF9782E2-8D98-4B6A-9484-81172682081C}"
	ProjectSection(SolutionItems) = preProject
		.editorconfig = .editorconfig
	EndProjectSection
EndProject
Global
	GlobalSection(SolutionConfigurationPlatforms) = preSolution
		Debug|Any CPU = Debug|Any CPU
		Release|Any CPU = Release|Any CPU
	EndGlobalSection
	GlobalSection(ProjectConfigurationPlatforms) = postSolution
		{62FF448C-9341-4144-BA00-473FA4861C33}.Debug|Any CPU.ActiveCfg = Debug|Any CPU
		{62FF448C-9341-4144-BA00-473FA4861C33}.Debug|Any CPU.Build.0 = Debug|Any CPU
		{62FF448C-9341-4144-BA00-473FA4861C33}.Release|Any CPU.ActiveCfg = Release|Any CPU
		{62FF448C-9341-4144-BA00-473FA4861C33}.Release|Any CPU.Build.0 = Release|Any CPU
	EndGlobalSection
	GlobalSection(SolutionProperties) = preSolution
		HideSolutionNode = FALSE
	EndGlobalSection
	GlobalSection(ExtensibilityGlobals) = postSolution
		SolutionGuid = {C8A07F6D-D3D6-472E-A818-64224EE0AFC9}
	EndGlobalSection
EndGlobal
